
Microsoft Visual Studio Solution File, Format Version 12.00
# Visual Studio 14
VisualStudioVersion = 14.0.25420.1
MinimumVisualStudioVersion = 10.0.40219.1
Project("{FAE04EC0-301F-11D3-BF4B-00C04F79EFBC}") = "MBDM.API", "MBDM.API\MBDM.API.csproj", "{02A89652-981B-4B44-B419-DAEBD5D407AD}"
EndProject
Project("{FAE04EC0-301F-11D3-BF4B-00C04F79EFBC}") = "MBDM.Core", "MBDM.Core\MBDM.Core.csproj", "{8CD37A70-1B36-4C02-87A2-466DDA1C5DBE}"
EndProject
Global
	GlobalSection(SolutionConfigurationPlatforms) = preSolution
		Debug|Any CPU = Debug|Any CPU
		Release|Any CPU = Release|Any CPU
	EndGlobalSection
	GlobalSection(ProjectConfigurationPlatforms) = postSolution
		{02A89652-981B-4B44-B419-DAEBD5D407AD}.Debug|Any CPU.ActiveCfg = Debug|Any CPU
		{02A89652-981B-4B44-B419-DAEBD5D407AD}.Debug|Any CPU.Build.0 = Debug|Any CPU
		{02A89652-981B-4B44-B419-DAEBD5D407AD}.Release|Any CPU.ActiveCfg = Release|Any CPU
		{02A89652-981B-4B44-B419-DAEBD5D407AD}.Release|Any CPU.Build.0 = Release|Any CPU
		{8CD37A70-1B36-4C02-87A2-466DDA1C5DBE}.Debug|Any CPU.ActiveCfg = Debug|Any CPU
		{8CD37A70-1B36-4C02-87A2-466DDA1C5DBE}.Debug|Any CPU.Build.0 = Debug|Any CPU
		{8CD37A70-1B36-4C02-87A2-466DDA1C5DBE}.Release|Any CPU.ActiveCfg = Release|Any CPU
		{8CD37A70-1B36-4C02-87A2-466DDA1C5DBE}.Release|Any CPU.Build.0 = Release|Any CPU
	EndGlobalSection
	GlobalSection(SolutionProperties) = preSolution
		HideSolutionNode = FALSE
	EndGlobalSection
EndGlobal
